
Microsoft Visual Studio Solution File, Format Version 12.00
# Visual Studio Version 16
VisualStudioVersion = 16.0.32929.386
MinimumVisualStudioVersion = 10.0.40219.1
Project("{9A19103F-16F7-4668-BE54-9A1E7A4F7556}") = "WpfAppHomeWork_CRUD", "WpfAppHomeWork_CRUD\WpfAppHomeWork_CRUD.csproj", "{C7872D7B-64E6-4E9C-8AA6-88891BAAD76A}"
EndProject
Project("{9A19103F-16F7-4668-BE54-9A1E7A4F7556}") = "MVVMTools", "MVVMTools\MVVMTools.csproj", "{364D352F-305D-40A1-9614-0365E992CCA6}"
EndProject
Global
	GlobalSection(SolutionConfigurationPlatforms) = preSolution
		Debug|Any CPU = Debug|Any CPU
		Release|Any CPU = Release|Any CPU
	EndGlobalSection
	GlobalSection(ProjectConfigurationPlatforms) = postSolution
		{C7872D7B-64E6-4E9C-8AA6-88891BAAD76A}.Debug|Any CPU.ActiveCfg = Debug|Any CPU
		{C7872D7B-64E6-4E9C-8AA6-88891BAAD76A}.Debug|Any CPU.Build.0 = Debug|Any CPU
		{C7872D7B-64E6-4E9C-8AA6-88891BAAD76A}.Release|Any CPU.ActiveCfg = Release|Any CPU
		{C7872D7B-64E6-4E9C-8AA6-88891BAAD76A}.Release|Any CPU.Build.0 = Release|Any CPU
		{364D352F-305D-40A1-9614-0365E992CCA6}.Debug|Any CPU.ActiveCfg = Debug|Any CPU
		{364D352F-305D-40A1-9614-0365E992CCA6}.Debug|Any CPU.Build.0 = Debug|Any CPU
		{364D352F-305D-40A1-9614-0365E992CCA6}.Release|Any CPU.ActiveCfg = Release|Any CPU
		{364D352F-305D-40A1-9614-0365E992CCA6}.Release|Any CPU.Build.0 = Release|Any CPU
	EndGlobalSection
	GlobalSection(SolutionProperties) = preSolution
		HideSolutionNode = FALSE
	EndGlobalSection
	GlobalSection(ExtensibilityGlobals) = postSolution
		SolutionGuid = {EBEF3B58-5F8E-4204-99D3-5E430EA2C29E}
	EndGlobalSection
EndGlobal
